
Microsoft Visual Studio Solution File, Format Version 12.00
# Visual Studio Version 16
VisualStudioVersion = 16.0.31702.278
MinimumVisualStudioVersion = 10.0.40219.1
Project("{FAE04EC0-301F-11D3-BF4B-00C04F79EFBC}") = "PrimeStayApi", "PrimeStayApi.csproj", "{D6E755CC-7512-4665-A281-2DC90076E66A}"
EndProject
Global
	GlobalSection(SolutionConfigurationPlatforms) = preSolution
		Debug|Any CPU = Debug|Any CPU
		Release|Any CPU = Release|Any CPU
	EndGlobalSection
	GlobalSection(ProjectConfigurationPlatforms) = postSolution
		{D6E755CC-7512-4665-A281-2DC90076E66A}.Debug|Any CPU.ActiveCfg = Debug|Any CPU
		{D6E755CC-7512-4665-A281-2DC90076E66A}.Debug|Any CPU.Build.0 = Debug|Any CPU
		{D6E755CC-7512-4665-A281-2DC90076E66A}.Release|Any CPU.ActiveCfg = Release|Any CPU
		{D6E755CC-7512-4665-A281-2DC90076E66A}.Release|Any CPU.Build.0 = Release|Any CPU
	EndGlobalSection
	GlobalSection(SolutionProperties) = preSolution
		HideSolutionNode = FALSE
	EndGlobalSection
	GlobalSection(ExtensibilityGlobals) = postSolution
		SolutionGuid = {2C5D7C01-661E-48FE-99C5-AD972A298315}
	EndGlobalSection
EndGlobal
