
Microsoft Visual Studio Solution File, Format Version 12.00
# Visual Studio Version 17
VisualStudioVersion = 17.0.31717.71
MinimumVisualStudioVersion = 10.0.40219.1
Project("{9A19103F-16F7-4668-BE54-9A1E7A4F7556}") = "primestayWpf", "primestayWpf\primestayWpf.csproj", "{412780CD-31B5-46B0-A351-B958AB94BC7A}"
EndProject
Project("{FAE04EC0-301F-11D3-BF4B-00C04F79EFBC}") = "PrimestayWpf.DataAccessLayer", "PrimestayWpf.DataAccessLayer\PrimestayWpf.DataAccessLayer.csproj", "{DF011028-F993-4A9D-BB4F-F120B584BC77}"
EndProject
Project("{FAE04EC0-301F-11D3-BF4B-00C04F79EFBC}") = "PrimestayWpf.Model", "PrimestayWpf.Model\PrimestayWpf.Model.csproj", "{190657F6-659E-4E90-92FA-0EB567711498}"
EndProject
Global
	GlobalSection(SolutionConfigurationPlatforms) = preSolution
		Debug|Any CPU = Debug|Any CPU
		Release|Any CPU = Release|Any CPU
	EndGlobalSection
	GlobalSection(ProjectConfigurationPlatforms) = postSolution
		{412780CD-31B5-46B0-A351-B958AB94BC7A}.Debug|Any CPU.ActiveCfg = Debug|Any CPU
		{412780CD-31B5-46B0-A351-B958AB94BC7A}.Debug|Any CPU.Build.0 = Debug|Any CPU
		{412780CD-31B5-46B0-A351-B958AB94BC7A}.Release|Any CPU.ActiveCfg = Release|Any CPU
		{412780CD-31B5-46B0-A351-B958AB94BC7A}.Release|Any CPU.Build.0 = Release|Any CPU
		{DF011028-F993-4A9D-BB4F-F120B584BC77}.Debug|Any CPU.ActiveCfg = Debug|Any CPU
		{DF011028-F993-4A9D-BB4F-F120B584BC77}.Debug|Any CPU.Build.0 = Debug|Any CPU
		{DF011028-F993-4A9D-BB4F-F120B584BC77}.Release|Any CPU.ActiveCfg = Release|Any CPU
		{DF011028-F993-4A9D-BB4F-F120B584BC77}.Release|Any CPU.Build.0 = Release|Any CPU
		{190657F6-659E-4E90-92FA-0EB567711498}.Debug|Any CPU.ActiveCfg = Debug|Any CPU
		{190657F6-659E-4E90-92FA-0EB567711498}.Debug|Any CPU.Build.0 = Debug|Any CPU
		{190657F6-659E-4E90-92FA-0EB567711498}.Release|Any CPU.ActiveCfg = Release|Any CPU
		{190657F6-659E-4E90-92FA-0EB567711498}.Release|Any CPU.Build.0 = Release|Any CPU
	EndGlobalSection
	GlobalSection(SolutionProperties) = preSolution
		HideSolutionNode = FALSE
	EndGlobalSection
	GlobalSection(ExtensibilityGlobals) = postSolution
		SolutionGuid = {FF6B0095-3F00-4460-97E7-A1CDBC8AFE52}
	EndGlobalSection
EndGlobal
