
Microsoft Visual Studio Solution File, Format Version 12.00
# Visual Studio Version 16
VisualStudioVersion = 16.0.31702.278
MinimumVisualStudioVersion = 10.0.40219.1
Project("{9A19103F-16F7-4668-BE54-9A1E7A4F7556}") = "primestayWpf", "primestayWpf\primestayWpf.csproj", "{412780CD-31B5-46B0-A351-B958AB94BC7A}"
EndProject
Project("{9A19103F-16F7-4668-BE54-9A1E7A4F7556}") = "PrimestayWpf.Model", "PrimestayWpf.Model\PrimestayWpf.Model.csproj", "{190657F6-659E-4E90-92FA-0EB567711498}"
EndProject
Project("{9A19103F-16F7-4668-BE54-9A1E7A4F7556}") = "PrimestayWPF.DataAccessLayer", "PrimeStayWpf.DataAccessLayer\PrimestayWPF.DataAccessLayer.csproj", "{C5E421C5-EC6C-48EB-A5AE-EC47A5E022B8}"
EndProject
Project("{9A19103F-16F7-4668-BE54-9A1E7A4F7556}") = "PrimestayWpf.Test", "primestayWpf.Test\PrimestayWpf.Test.csproj", "{CFEF7F75-B904-4905-82A9-ADCAFD5B774F}"
EndProject
Global
	GlobalSection(SolutionConfigurationPlatforms) = preSolution
		Debug|Any CPU = Debug|Any CPU
		Release|Any CPU = Release|Any CPU
	EndGlobalSection
	GlobalSection(ProjectConfigurationPlatforms) = postSolution
		{412780CD-31B5-46B0-A351-B958AB94BC7A}.Debug|Any CPU.ActiveCfg = Debug|Any CPU
		{412780CD-31B5-46B0-A351-B958AB94BC7A}.Debug|Any CPU.Build.0 = Debug|Any CPU
		{412780CD-31B5-46B0-A351-B958AB94BC7A}.Release|Any CPU.ActiveCfg = Release|Any CPU
		{412780CD-31B5-46B0-A351-B958AB94BC7A}.Release|Any CPU.Build.0 = Release|Any CPU
		{190657F6-659E-4E90-92FA-0EB567711498}.Debug|Any CPU.ActiveCfg = Debug|Any CPU
		{190657F6-659E-4E90-92FA-0EB567711498}.Debug|Any CPU.Build.0 = Debug|Any CPU
		{190657F6-659E-4E90-92FA-0EB567711498}.Release|Any CPU.ActiveCfg = Release|Any CPU
		{190657F6-659E-4E90-92FA-0EB567711498}.Release|Any CPU.Build.0 = Release|Any CPU
		{C5E421C5-EC6C-48EB-A5AE-EC47A5E022B8}.Debug|Any CPU.ActiveCfg = Debug|Any CPU
		{C5E421C5-EC6C-48EB-A5AE-EC47A5E022B8}.Debug|Any CPU.Build.0 = Debug|Any CPU
		{C5E421C5-EC6C-48EB-A5AE-EC47A5E022B8}.Release|Any CPU.ActiveCfg = Release|Any CPU
		{C5E421C5-EC6C-48EB-A5AE-EC47A5E022B8}.Release|Any CPU.Build.0 = Release|Any CPU
		{CFEF7F75-B904-4905-82A9-ADCAFD5B774F}.Debug|Any CPU.ActiveCfg = Debug|Any CPU
		{CFEF7F75-B904-4905-82A9-ADCAFD5B774F}.Debug|Any CPU.Build.0 = Debug|Any CPU
		{CFEF7F75-B904-4905-82A9-ADCAFD5B774F}.Release|Any CPU.ActiveCfg = Release|Any CPU
		{CFEF7F75-B904-4905-82A9-ADCAFD5B774F}.Release|Any CPU.Build.0 = Release|Any CPU
	EndGlobalSection
	GlobalSection(SolutionProperties) = preSolution
		HideSolutionNode = FALSE
	EndGlobalSection
	GlobalSection(ExtensibilityGlobals) = postSolution
		SolutionGuid = {FF6B0095-3F00-4460-97E7-A1CDBC8AFE52}
	EndGlobalSection
EndGlobal
