
Microsoft Visual Studio Solution File, Format Version 12.00
# Visual Studio Version 17
VisualStudioVersion = 17.0.31808.319
MinimumVisualStudioVersion = 10.0.40219.1
Project("{9A19103F-16F7-4668-BE54-9A1E7A4F7556}") = "Models", "Models\Models.csproj", "{0D2DD850-4753-41C5-ADE6-FE6689538010}"
EndProject
Project("{9A19103F-16F7-4668-BE54-9A1E7A4F7556}") = "DataAccessLayer", "DataAccessLayer\DataAccessLayer.csproj", "{0384DFE2-71E5-43BE-80EA-3F5C8C88946B}"
EndProject
Project("{9A19103F-16F7-4668-BE54-9A1E7A4F7556}") = "Tests", "Tests\Tests.csproj", "{C2293287-B94E-43FB-B365-1E1A24B2A36D}"
EndProject
Project("{9A19103F-16F7-4668-BE54-9A1E7A4F7556}") = "WinApp", "WinApp\WinApp.csproj", "{F4CC0B8F-5B7E-41BC-81D1-E4F7CDF6A848}"
EndProject
Global
	GlobalSection(SolutionConfigurationPlatforms) = preSolution
		Debug|Any CPU = Debug|Any CPU
		Release|Any CPU = Release|Any CPU
	EndGlobalSection
	GlobalSection(ProjectConfigurationPlatforms) = postSolution
		{0D2DD850-4753-41C5-ADE6-FE6689538010}.Debug|Any CPU.ActiveCfg = Debug|Any CPU
		{0D2DD850-4753-41C5-ADE6-FE6689538010}.Debug|Any CPU.Build.0 = Debug|Any CPU
		{0D2DD850-4753-41C5-ADE6-FE6689538010}.Release|Any CPU.ActiveCfg = Release|Any CPU
		{0D2DD850-4753-41C5-ADE6-FE6689538010}.Release|Any CPU.Build.0 = Release|Any CPU
		{0384DFE2-71E5-43BE-80EA-3F5C8C88946B}.Debug|Any CPU.ActiveCfg = Debug|Any CPU
		{0384DFE2-71E5-43BE-80EA-3F5C8C88946B}.Debug|Any CPU.Build.0 = Debug|Any CPU
		{0384DFE2-71E5-43BE-80EA-3F5C8C88946B}.Release|Any CPU.ActiveCfg = Release|Any CPU
		{0384DFE2-71E5-43BE-80EA-3F5C8C88946B}.Release|Any CPU.Build.0 = Release|Any CPU
		{C2293287-B94E-43FB-B365-1E1A24B2A36D}.Debug|Any CPU.ActiveCfg = Debug|Any CPU
		{C2293287-B94E-43FB-B365-1E1A24B2A36D}.Debug|Any CPU.Build.0 = Debug|Any CPU
		{C2293287-B94E-43FB-B365-1E1A24B2A36D}.Release|Any CPU.ActiveCfg = Release|Any CPU
		{C2293287-B94E-43FB-B365-1E1A24B2A36D}.Release|Any CPU.Build.0 = Release|Any CPU
		{F4CC0B8F-5B7E-41BC-81D1-E4F7CDF6A848}.Debug|Any CPU.ActiveCfg = Debug|Any CPU
		{F4CC0B8F-5B7E-41BC-81D1-E4F7CDF6A848}.Debug|Any CPU.Build.0 = Debug|Any CPU
		{F4CC0B8F-5B7E-41BC-81D1-E4F7CDF6A848}.Release|Any CPU.ActiveCfg = Release|Any CPU
		{F4CC0B8F-5B7E-41BC-81D1-E4F7CDF6A848}.Release|Any CPU.Build.0 = Release|Any CPU
	EndGlobalSection
	GlobalSection(SolutionProperties) = preSolution
		HideSolutionNode = FALSE
	EndGlobalSection
	GlobalSection(ExtensibilityGlobals) = postSolution
		SolutionGuid = {FF6B0095-3F00-4460-97E7-A1CDBC8AFE52}
	EndGlobalSection
EndGlobal
