
Microsoft Visual Studio Solution File, Format Version 12.00
# Visual Studio Version 16
VisualStudioVersion = 16.0.31729.503
MinimumVisualStudioVersion = 10.0.40219.1
Project("{9A19103F-16F7-4668-BE54-9A1E7A4F7556}") = "DataAccessLayer", "..\DataAccessLayer\DataAccessLayer.csproj", "{038FE939-539D-471F-81A6-668D902DC5C8}"
EndProject
Project("{9A19103F-16F7-4668-BE54-9A1E7A4F7556}") = "Models", "..\Models\Models.csproj", "{844D7313-0AAD-4E2C-B7CB-0B6041912209}"
EndProject
Project("{9A19103F-16F7-4668-BE54-9A1E7A4F7556}") = "Tests", "..\Tests\Tests.csproj", "{5A820B8E-6BCC-4ED0-BE67-BBE337F91BD6}"
EndProject
Project("{9A19103F-16F7-4668-BE54-9A1E7A4F7556}") = "WebClient", "WebClient.csproj", "{2D556277-CB51-4C68-8AEB-A8724AD85D47}"
EndProject
Project("{FAE04EC0-301F-11D3-BF4B-00C04F79EFBC}") = "Environment", "..\Environment\Environment.csproj", "{90A4C8C9-1254-4E9F-80E2-F65E24092815}"
EndProject
Global
	GlobalSection(SolutionConfigurationPlatforms) = preSolution
		Debug|Any CPU = Debug|Any CPU
		Release|Any CPU = Release|Any CPU
	EndGlobalSection
	GlobalSection(ProjectConfigurationPlatforms) = postSolution
		{038FE939-539D-471F-81A6-668D902DC5C8}.Debug|Any CPU.ActiveCfg = Debug|Any CPU
		{038FE939-539D-471F-81A6-668D902DC5C8}.Debug|Any CPU.Build.0 = Debug|Any CPU
		{038FE939-539D-471F-81A6-668D902DC5C8}.Release|Any CPU.ActiveCfg = Release|Any CPU
		{038FE939-539D-471F-81A6-668D902DC5C8}.Release|Any CPU.Build.0 = Release|Any CPU
		{844D7313-0AAD-4E2C-B7CB-0B6041912209}.Debug|Any CPU.ActiveCfg = Debug|Any CPU
		{844D7313-0AAD-4E2C-B7CB-0B6041912209}.Debug|Any CPU.Build.0 = Debug|Any CPU
		{844D7313-0AAD-4E2C-B7CB-0B6041912209}.Release|Any CPU.ActiveCfg = Release|Any CPU
		{844D7313-0AAD-4E2C-B7CB-0B6041912209}.Release|Any CPU.Build.0 = Release|Any CPU
		{5A820B8E-6BCC-4ED0-BE67-BBE337F91BD6}.Debug|Any CPU.ActiveCfg = Debug|Any CPU
		{5A820B8E-6BCC-4ED0-BE67-BBE337F91BD6}.Debug|Any CPU.Build.0 = Debug|Any CPU
		{5A820B8E-6BCC-4ED0-BE67-BBE337F91BD6}.Release|Any CPU.ActiveCfg = Release|Any CPU
		{5A820B8E-6BCC-4ED0-BE67-BBE337F91BD6}.Release|Any CPU.Build.0 = Release|Any CPU
		{2D556277-CB51-4C68-8AEB-A8724AD85D47}.Debug|Any CPU.ActiveCfg = Debug|Any CPU
		{2D556277-CB51-4C68-8AEB-A8724AD85D47}.Debug|Any CPU.Build.0 = Debug|Any CPU
		{2D556277-CB51-4C68-8AEB-A8724AD85D47}.Release|Any CPU.ActiveCfg = Release|Any CPU
		{2D556277-CB51-4C68-8AEB-A8724AD85D47}.Release|Any CPU.Build.0 = Release|Any CPU
		{90A4C8C9-1254-4E9F-80E2-F65E24092815}.Debug|Any CPU.ActiveCfg = Debug|Any CPU
		{90A4C8C9-1254-4E9F-80E2-F65E24092815}.Debug|Any CPU.Build.0 = Debug|Any CPU
		{90A4C8C9-1254-4E9F-80E2-F65E24092815}.Release|Any CPU.ActiveCfg = Release|Any CPU
		{90A4C8C9-1254-4E9F-80E2-F65E24092815}.Release|Any CPU.Build.0 = Release|Any CPU
	EndGlobalSection
	GlobalSection(SolutionProperties) = preSolution
		HideSolutionNode = FALSE
	EndGlobalSection
	GlobalSection(ExtensibilityGlobals) = postSolution
		SolutionGuid = {275B0ABA-3B15-484B-9093-4C6A0688110D}
	EndGlobalSection
EndGlobal
