
Microsoft Visual Studio Solution File, Format Version 12.00
# Visual Studio Version 17
VisualStudioVersion = 17.0.31717.71
MinimumVisualStudioVersion = 10.0.40219.1
Project("{9A19103F-16F7-4668-BE54-9A1E7A4F7556}") = "PrimeStay.DataAccessLayer", "PrimeStay.DataAccessLayer\PrimeStay.DataAccessLayer.csproj", "{C01F9996-2E04-4612-8440-862B45E3A4F0}"
EndProject
Project("{9A19103F-16F7-4668-BE54-9A1E7A4F7556}") = "PrimeStay.Model", "PrimeStay.Model\PrimeStay.Model.csproj", "{A5BB211F-66D6-408E-879C-487AE242C104}"
EndProject
Global
	GlobalSection(SolutionConfigurationPlatforms) = preSolution
		Debug|Any CPU = Debug|Any CPU
		Release|Any CPU = Release|Any CPU
	EndGlobalSection
	GlobalSection(ProjectConfigurationPlatforms) = postSolution
		{C01F9996-2E04-4612-8440-862B45E3A4F0}.Debug|Any CPU.ActiveCfg = Debug|Any CPU
		{C01F9996-2E04-4612-8440-862B45E3A4F0}.Debug|Any CPU.Build.0 = Debug|Any CPU
		{C01F9996-2E04-4612-8440-862B45E3A4F0}.Release|Any CPU.ActiveCfg = Release|Any CPU
		{C01F9996-2E04-4612-8440-862B45E3A4F0}.Release|Any CPU.Build.0 = Release|Any CPU
		{A5BB211F-66D6-408E-879C-487AE242C104}.Debug|Any CPU.ActiveCfg = Debug|Any CPU
		{A5BB211F-66D6-408E-879C-487AE242C104}.Debug|Any CPU.Build.0 = Debug|Any CPU
		{A5BB211F-66D6-408E-879C-487AE242C104}.Release|Any CPU.ActiveCfg = Release|Any CPU
		{A5BB211F-66D6-408E-879C-487AE242C104}.Release|Any CPU.Build.0 = Release|Any CPU
	EndGlobalSection
	GlobalSection(SolutionProperties) = preSolution
		HideSolutionNode = FALSE
	EndGlobalSection
	GlobalSection(ExtensibilityGlobals) = postSolution
		SolutionGuid = {6CABCE4D-905A-4A72-8F1E-76A6FE0B9294}
	EndGlobalSection
EndGlobal
