
Microsoft Visual Studio Solution File, Format Version 12.00
# Visual Studio Version 17
VisualStudioVersion = 17.0.31808.319
MinimumVisualStudioVersion = 10.0.40219.1
Project("{9A19103F-16F7-4668-BE54-9A1E7A4F7556}") = "PrimeStay.MVC", "primestayMVC\PrimeStay.MVC.csproj", "{713C0A95-80BF-4918-841D-003AFD4D2544}"
EndProject
Project("{9A19103F-16F7-4668-BE54-9A1E7A4F7556}") = "PrimeStay.MVC.DataAccessLayer", "MVC.DataAccessLayer\PrimeStay.MVC.DataAccessLayer.csproj", "{6E028489-168E-4422-8C77-41E5E0598416}"
EndProject
Project("{9A19103F-16F7-4668-BE54-9A1E7A4F7556}") = "PrimeStay.MVC.Test", "PrimeStay.MVC.Test\PrimeStay.MVC.Test.csproj", "{5BDF8291-2B57-41FA-84DA-5D403B01D082}"
EndProject
Global
	GlobalSection(SolutionConfigurationPlatforms) = preSolution
		Debug|Any CPU = Debug|Any CPU
		Release|Any CPU = Release|Any CPU
	EndGlobalSection
	GlobalSection(ProjectConfigurationPlatforms) = postSolution
		{713C0A95-80BF-4918-841D-003AFD4D2544}.Debug|Any CPU.ActiveCfg = Debug|Any CPU
		{713C0A95-80BF-4918-841D-003AFD4D2544}.Debug|Any CPU.Build.0 = Debug|Any CPU
		{713C0A95-80BF-4918-841D-003AFD4D2544}.Release|Any CPU.ActiveCfg = Release|Any CPU
		{713C0A95-80BF-4918-841D-003AFD4D2544}.Release|Any CPU.Build.0 = Release|Any CPU
		{6E028489-168E-4422-8C77-41E5E0598416}.Debug|Any CPU.ActiveCfg = Debug|Any CPU
		{6E028489-168E-4422-8C77-41E5E0598416}.Debug|Any CPU.Build.0 = Debug|Any CPU
		{6E028489-168E-4422-8C77-41E5E0598416}.Release|Any CPU.ActiveCfg = Release|Any CPU
		{6E028489-168E-4422-8C77-41E5E0598416}.Release|Any CPU.Build.0 = Release|Any CPU
		{5BDF8291-2B57-41FA-84DA-5D403B01D082}.Debug|Any CPU.ActiveCfg = Debug|Any CPU
		{5BDF8291-2B57-41FA-84DA-5D403B01D082}.Debug|Any CPU.Build.0 = Debug|Any CPU
		{5BDF8291-2B57-41FA-84DA-5D403B01D082}.Release|Any CPU.ActiveCfg = Release|Any CPU
		{5BDF8291-2B57-41FA-84DA-5D403B01D082}.Release|Any CPU.Build.0 = Release|Any CPU
	EndGlobalSection
	GlobalSection(SolutionProperties) = preSolution
		HideSolutionNode = FALSE
	EndGlobalSection
	GlobalSection(ExtensibilityGlobals) = postSolution
		SolutionGuid = {275B0ABA-3B15-484B-9093-4C6A0688110D}
	EndGlobalSection
EndGlobal
